
Microsoft Visual Studio Solution File, Format Version 11.00
# Visual Studio 2010
Project("{FAE04EC0-301F-11D3-BF4B-00C04F79EFBC}") = "Tepeyac.Mac", "Tepeyac.Mac\Tepeyac.Mac.csproj", "{613A4431-CB80-47BE-BDD8-5359F7CC42FB}"
EndProject
Global
	GlobalSection(SolutionConfigurationPlatforms) = preSolution
		Debug|Any CPU = Debug|Any CPU
		Release|Any CPU = Release|Any CPU
	EndGlobalSection
	GlobalSection(ProjectConfigurationPlatforms) = postSolution
		{613A4431-CB80-47BE-BDD8-5359F7CC42FB}.Debug|Any CPU.ActiveCfg = Debug|Any CPU
		{613A4431-CB80-47BE-BDD8-5359F7CC42FB}.Debug|Any CPU.Build.0 = Debug|Any CPU
		{613A4431-CB80-47BE-BDD8-5359F7CC42FB}.Release|Any CPU.ActiveCfg = Release|Any CPU
		{613A4431-CB80-47BE-BDD8-5359F7CC42FB}.Release|Any CPU.Build.0 = Release|Any CPU
	EndGlobalSection
	GlobalSection(MonoDevelopProperties) = preSolution
		StartupItem = Tepeyac.Mac\Tepeyac.Mac.csproj
	EndGlobalSection
EndGlobal
